
Microsoft Visual Studio Solution File, Format Version 12.00
# Visual Studio 15
VisualStudioVersion = 15.0.28010.2016
MinimumVisualStudioVersion = 10.0.40219.1
Project("{FAE04EC0-301F-11D3-BF4B-00C04F79EFBC}") = "PmAPI", "PmAPI\PmAPI.csproj", "{50DB41D9-D2A7-4F03-9874-B33FABF04039}"
EndProject
Project("{FAE04EC0-301F-11D3-BF4B-00C04F79EFBC}") = "PmUI", "PmUI\PmUI.csproj", "{D97D458D-80C6-4EF9-BBEB-E455C70FAA01}"
EndProject
Global
	GlobalSection(SolutionConfigurationPlatforms) = preSolution
		Debug|Any CPU = Debug|Any CPU
		Release|Any CPU = Release|Any CPU
	EndGlobalSection
	GlobalSection(ProjectConfigurationPlatforms) = postSolution
		{50DB41D9-D2A7-4F03-9874-B33FABF04039}.Debug|Any CPU.ActiveCfg = Debug|Any CPU
		{50DB41D9-D2A7-4F03-9874-B33FABF04039}.Debug|Any CPU.Build.0 = Debug|Any CPU
		{50DB41D9-D2A7-4F03-9874-B33FABF04039}.Release|Any CPU.ActiveCfg = Release|Any CPU
		{50DB41D9-D2A7-4F03-9874-B33FABF04039}.Release|Any CPU.Build.0 = Release|Any CPU
		{D97D458D-80C6-4EF9-BBEB-E455C70FAA01}.Debug|Any CPU.ActiveCfg = Debug|Any CPU
		{D97D458D-80C6-4EF9-BBEB-E455C70FAA01}.Debug|Any CPU.Build.0 = Debug|Any CPU
		{D97D458D-80C6-4EF9-BBEB-E455C70FAA01}.Release|Any CPU.ActiveCfg = Release|Any CPU
		{D97D458D-80C6-4EF9-BBEB-E455C70FAA01}.Release|Any CPU.Build.0 = Release|Any CPU
	EndGlobalSection
	GlobalSection(SolutionProperties) = preSolution
		HideSolutionNode = FALSE
	EndGlobalSection
	GlobalSection(ExtensibilityGlobals) = postSolution
		SolutionGuid = {6A931148-7F46-4215-9F0F-255EC7C540ED}
	EndGlobalSection
EndGlobal
